{
  "version": 4,
  "terraform_version": "0.12.8",
  "serial": 43,
  "lineage": "beeae662-64b7-e787-d06c-dc954b899b5a",
  "outputs": {},
  "resources": [
    {
      "module": "module.mgt",
      "mode": "managed",
      "type": "aws_eip",
      "name": "eip",
      "each": "list",
      "provider": "provider.aws",
      "instances": []
    },
    {
      "module": "module.mgt",
      "mode": "managed",
      "type": "aws_nat_gateway",
      "name": "gw",
      "each": "list",
      "provider": "provider.aws",
      "instances": []
    },
    {
      "module": "module.mgt",
      "mode": "managed",
      "type": "aws_route_table",
      "name": "rtb_private",
      "each": "list",
      "provider": "provider.aws",
      "instances": []
    },
    {
      "module": "module.mgt",
      "mode": "managed",
      "type": "aws_route_table_association",
      "name": "rta_subnet_private",
      "each": "list",
      "provider": "provider.aws",
      "instances": []
    },
    {
      "module": "module.mgt",
      "mode": "managed",
      "type": "aws_route_table_association",
      "name": "rta_subnet_public",
      "each": "list",
      "provider": "provider.aws",
      "instances": []
    },
    {
      "module": "module.mgt",
      "mode": "managed",
      "type": "aws_security_group",
      "name": "sg_default",
      "provider": "provider.aws",
      "instances": [
        {
          "schema_version": 1,
          "attributes": {
            "arn": "arn:aws:ec2:ap-northeast-1:197966029048:security-group/sg-0e088568a95148d49",
            "description": "Managed by Terraform",
            "egress": [
              {
                "cidr_blocks": [
                  "0.0.0.0/0"
                ],
                "description": "",
                "from_port": 0,
                "ipv6_cidr_blocks": [],
                "prefix_list_ids": [],
                "protocol": "-1",
                "security_groups": [],
                "self": false,
                "to_port": 0
              }
            ],
            "id": "sg-0e088568a95148d49",
            "ingress": [
              {
                "cidr_blocks": [
                  "0.0.0.0/0"
                ],
                "description": "",
                "from_port": 22,
                "ipv6_cidr_blocks": [],
                "prefix_list_ids": [],
                "protocol": "tcp",
                "security_groups": [],
                "self": false,
                "to_port": 22
              }
            ],
            "name": "sg_jpdev_default",
            "name_prefix": null,
            "owner_id": "197966029048",
            "revoke_rules_on_delete": false,
            "tags": {
              "Creator": "Terraform",
              "Desc": "Managed by Terraform",
              "Name": "sg_default_jpdev",
              "Profile": "jpdev",
              "Stage": "jpdev"
            },
            "timeouts": null,
            "vpc_id": "vpc-0d20985cc40bd1d17"
          },
          "private": "eyJlMmJmYjczMC1lY2FhLTExZTYtOGY4OC0zNDM2M2JjN2M0YzAiOnsiY3JlYXRlIjo2MDAwMDAwMDAwMDAsImRlbGV0ZSI6NjAwMDAwMDAwMDAwfSwic2NoZW1hX3ZlcnNpb24iOiIxIn0=",
          "depends_on": [
            "aws_vpc.vpc"
          ]
        }
      ]
    },
    {
      "module": "module.mgt",
      "mode": "managed",
      "type": "aws_security_group",
      "name": "sg_endpoint",
      "provider": "provider.aws",
      "instances": [
        {
          "schema_version": 1,
          "attributes": {
            "arn": "arn:aws:ec2:ap-northeast-1:197966029048:security-group/sg-08574d71ddb1dc12a",
            "description": "Managed by Terraform",
            "egress": [
              {
                "cidr_blocks": [
                  "0.0.0.0/0"
                ],
                "description": "",
                "from_port": 0,
                "ipv6_cidr_blocks": [],
                "prefix_list_ids": [],
                "protocol": "-1",
                "security_groups": [],
                "self": false,
                "to_port": 0
              }
            ],
            "id": "sg-08574d71ddb1dc12a",
            "ingress": [
              {
                "cidr_blocks": [],
                "description": "",
                "from_port": 0,
                "ipv6_cidr_blocks": [],
                "prefix_list_ids": [],
                "protocol": "-1",
                "security_groups": [
                  "sg-002e5b36ed44b6d5a",
                  "sg-0e088568a95148d49"
                ],
                "self": false,
                "to_port": 0
              }
            ],
            "name": "sg_jpdev_endpoint",
            "name_prefix": null,
            "owner_id": "197966029048",
            "revoke_rules_on_delete": false,
            "tags": {
              "Creator": "Terraform",
              "Desc": "Managed by Terraform",
              "Name": "sg_endpoint_jpdev",
              "Profile": "jpdev",
              "Stage": "jpdev"
            },
            "timeouts": null,
            "vpc_id": "vpc-0d20985cc40bd1d17"
          }
        }
      ]
    },
    {
      "module": "module.mgt",
      "mode": "managed",
      "type": "aws_security_group",
      "name": "sg_lambda",
      "provider": "provider.aws",
      "instances": [
        {
          "schema_version": 1,
          "attributes": {
            "arn": "arn:aws:ec2:ap-northeast-1:197966029048:security-group/sg-002e5b36ed44b6d5a",
            "description": "Managed by Terraform",
            "egress": [
              {
                "cidr_blocks": [
                  "0.0.0.0/0"
                ],
                "description": "",
                "from_port": 0,
                "ipv6_cidr_blocks": [],
                "prefix_list_ids": [],
                "protocol": "-1",
                "security_groups": [],
                "self": false,
                "to_port": 0
              }
            ],
            "id": "sg-002e5b36ed44b6d5a",
            "ingress": [],
            "name": "sg_jpdev_lambda",
            "name_prefix": null,
            "owner_id": "197966029048",
            "revoke_rules_on_delete": false,
            "tags": {
              "Creator": "Terraform",
              "Desc": "Managed by Terraform",
              "Name": "sg_lambda_jpdev",
              "Profile": "jpdev",
              "Stage": "jpdev"
            },
            "timeouts": null,
            "vpc_id": "vpc-0d20985cc40bd1d17"
          },
          "private": "eyJlMmJmYjczMC1lY2FhLTExZTYtOGY4OC0zNDM2M2JjN2M0YzAiOnsiY3JlYXRlIjo2MDAwMDAwMDAwMDAsImRlbGV0ZSI6NjAwMDAwMDAwMDAwfSwic2NoZW1hX3ZlcnNpb24iOiIxIn0=",
          "depends_on": [
            "aws_vpc.vpc"
          ]
        }
      ]
    },
    {
      "module": "module.mgt",
      "mode": "managed",
      "type": "aws_subnet",
      "name": "private",
      "each": "list",
      "provider": "provider.aws",
      "instances": []
    },
    {
      "module": "module.mgt",
      "mode": "managed",
      "type": "aws_subnet",
      "name": "public",
      "each": "list",
      "provider": "provider.aws",
      "instances": []
    },
    {
      "module": "module.mgt",
      "mode": "managed",
      "type": "aws_subnet",
      "name": "subnet_public",
      "each": "list",
      "provider": "provider.aws",
      "instances": [
        {
          "index_key": 0,
          "schema_version": 1,
          "attributes": {
            "arn": "arn:aws:ec2:ap-northeast-1:197966029048:subnet/subnet-04f7587543f9e18d5",
            "assign_ipv6_address_on_creation": false,
            "availability_zone": "ap-northeast-1a",
            "availability_zone_id": "apne1-az4",
            "cidr_block": "10.1.11.0/24",
            "id": "subnet-04f7587543f9e18d5",
            "ipv6_cidr_block": "",
            "ipv6_cidr_block_association_id": "",
            "map_public_ip_on_launch": true,
            "owner_id": "197966029048",
            "tags": {
              "Creator": "Terraform",
              "Desc": "Managed by Terraform",
              "Name": "public_subnet_jpdev",
              "Profile": "jpdev",
              "Stage": "jpdev"
            },
            "timeouts": null,
            "vpc_id": "vpc-0d20985cc40bd1d17"
          }
        },
        {
          "index_key": 1,
          "schema_version": 1,
          "attributes": {
            "arn": "arn:aws:ec2:ap-northeast-1:197966029048:subnet/subnet-063432475aa39df59",
            "assign_ipv6_address_on_creation": false,
            "availability_zone": "ap-northeast-1c",
            "availability_zone_id": "apne1-az1",
            "cidr_block": "10.1.12.0/24",
            "id": "subnet-063432475aa39df59",
            "ipv6_cidr_block": "",
            "ipv6_cidr_block_association_id": "",
            "map_public_ip_on_launch": true,
            "owner_id": "197966029048",
            "tags": {
              "Creator": "Terraform",
              "Desc": "Managed by Terraform",
              "Name": "public_subnet_jpdev",
              "Profile": "jpdev",
              "Stage": "jpdev"
            },
            "timeouts": null,
            "vpc_id": "vpc-0d20985cc40bd1d17"
          }
        },
        {
          "index_key": 2,
          "schema_version": 1,
          "attributes": {
            "arn": "arn:aws:ec2:ap-northeast-1:197966029048:subnet/subnet-00b5cba4d37a2c5c2",
            "assign_ipv6_address_on_creation": false,
            "availability_zone": "ap-northeast-1d",
            "availability_zone_id": "apne1-az2",
            "cidr_block": "10.1.13.0/24",
            "id": "subnet-00b5cba4d37a2c5c2",
            "ipv6_cidr_block": "",
            "ipv6_cidr_block_association_id": "",
            "map_public_ip_on_launch": true,
            "owner_id": "197966029048",
            "tags": {
              "Creator": "Terraform",
              "Desc": "Managed by Terraform",
              "Name": "public_subnet_jpdev",
              "Profile": "jpdev",
              "Stage": "jpdev"
            },
            "timeouts": null,
            "vpc_id": "vpc-0d20985cc40bd1d17"
          }
        }
      ]
    },
    {
      "module": "module.mgt",
      "mode": "managed",
      "type": "aws_vpc",
      "name": "vpc",
      "provider": "provider.aws",
      "instances": [
        {
          "schema_version": 1,
          "attributes": {
            "arn": "arn:aws:ec2:ap-northeast-1:197966029048:vpc/vpc-0d20985cc40bd1d17",
            "assign_generated_ipv6_cidr_block": false,
            "cidr_block": "10.1.0.0/16",
            "default_network_acl_id": "acl-0374f0c78fa6e0664",
            "default_route_table_id": "rtb-05a6f331e319170bc",
            "default_security_group_id": "sg-0f1ee1ee6208d78b5",
            "dhcp_options_id": "dopt-6e2c5409",
            "enable_classiclink": false,
            "enable_classiclink_dns_support": false,
            "enable_dns_hostnames": true,
            "enable_dns_support": true,
            "id": "vpc-0d20985cc40bd1d17",
            "instance_tenancy": "default",
            "ipv6_association_id": "",
            "ipv6_cidr_block": "",
            "main_route_table_id": "rtb-05a6f331e319170bc",
            "owner_id": "197966029048",
            "tags": {
              "Creator": "Terraform",
              "Desc": "Managed by Terraform",
              "Name": "vpc_jpdev",
              "Profile": "jpdev",
              "Stage": "jpdev"
            }
          },
          "private": "eyJzY2hlbWFfdmVyc2lvbiI6IjEifQ=="
        }
      ]
    },
    {
      "module": "module.mgt",
      "mode": "managed",
      "type": "aws_vpc_endpoint_route_table_association",
      "name": "s3",
      "each": "list",
      "provider": "provider.aws",
      "instances": []
    }
  ]
}
